
Microsoft Visual Studio Solution File, Format Version 12.00
# Visual Studio Version 17
VisualStudioVersion = 17.13.35931.197
MinimumVisualStudioVersion = 10.0.40219.1
Project("{FAE04EC0-301F-11D3-BF4B-00C04F79EFBC}") = "CatalogService", "CatalogService.csproj", "{3260ACD6-0513-416B-BCE7-871F3391CACF}"
EndProject
Project("{FAE04EC0-301F-11D3-BF4B-00C04F79EFBC}") = "CatalogServiceTests", "..\CatalogServiceTests\CatalogServiceTests.csproj", "{19D2B2B3-EC78-4877-B7D0-F177ED41C1D5}"
EndProject
Global
	GlobalSection(SolutionConfigurationPlatforms) = preSolution
		Debug|Any CPU = Debug|Any CPU
		Release|Any CPU = Release|Any CPU
	EndGlobalSection
	GlobalSection(ProjectConfigurationPlatforms) = postSolution
		{3260ACD6-0513-416B-BCE7-871F3391CACF}.Debug|Any CPU.ActiveCfg = Debug|Any CPU
		{3260ACD6-0513-416B-BCE7-871F3391CACF}.Debug|Any CPU.Build.0 = Debug|Any CPU
		{3260ACD6-0513-416B-BCE7-871F3391CACF}.Release|Any CPU.ActiveCfg = Release|Any CPU
		{3260ACD6-0513-416B-BCE7-871F3391CACF}.Release|Any CPU.Build.0 = Release|Any CPU
		{19D2B2B3-EC78-4877-B7D0-F177ED41C1D5}.Debug|Any CPU.ActiveCfg = Debug|Any CPU
		{19D2B2B3-EC78-4877-B7D0-F177ED41C1D5}.Debug|Any CPU.Build.0 = Debug|Any CPU
		{19D2B2B3-EC78-4877-B7D0-F177ED41C1D5}.Release|Any CPU.ActiveCfg = Release|Any CPU
		{19D2B2B3-EC78-4877-B7D0-F177ED41C1D5}.Release|Any CPU.Build.0 = Release|Any CPU
	EndGlobalSection
	GlobalSection(SolutionProperties) = preSolution
		HideSolutionNode = FALSE
	EndGlobalSection
	GlobalSection(ExtensibilityGlobals) = postSolution
		SolutionGuid = {79A5B3A8-B2A5-4F4D-AA1C-72DA54D5A59E}
	EndGlobalSection
EndGlobal
