
Microsoft Visual Studio Solution File, Format Version 12.00
# Visual Studio Version 17
VisualStudioVersion = 17.13.35931.197
MinimumVisualStudioVersion = 10.0.40219.1
Project("{FAE04EC0-301F-11D3-BF4B-00C04F79EFBC}") = "UserService", "UserService.csproj", "{0393AE1D-49C5-4921-AFB1-3101316FDB61}"
EndProject
Project("{FAE04EC0-301F-11D3-BF4B-00C04F79EFBC}") = "UserServiceTests", "..\UserServiceTests\UserServiceTests.csproj", "{193B2996-A31C-403E-B0DD-F6215E8955AF}"
EndProject
Global
	GlobalSection(SolutionConfigurationPlatforms) = preSolution
		Debug|Any CPU = Debug|Any CPU
		Release|Any CPU = Release|Any CPU
	EndGlobalSection
	GlobalSection(ProjectConfigurationPlatforms) = postSolution
		{0393AE1D-49C5-4921-AFB1-3101316FDB61}.Debug|Any CPU.ActiveCfg = Debug|Any CPU
		{0393AE1D-49C5-4921-AFB1-3101316FDB61}.Debug|Any CPU.Build.0 = Debug|Any CPU
		{0393AE1D-49C5-4921-AFB1-3101316FDB61}.Release|Any CPU.ActiveCfg = Release|Any CPU
		{0393AE1D-49C5-4921-AFB1-3101316FDB61}.Release|Any CPU.Build.0 = Release|Any CPU
		{193B2996-A31C-403E-B0DD-F6215E8955AF}.Debug|Any CPU.ActiveCfg = Debug|Any CPU
		{193B2996-A31C-403E-B0DD-F6215E8955AF}.Debug|Any CPU.Build.0 = Debug|Any CPU
		{193B2996-A31C-403E-B0DD-F6215E8955AF}.Release|Any CPU.ActiveCfg = Release|Any CPU
		{193B2996-A31C-403E-B0DD-F6215E8955AF}.Release|Any CPU.Build.0 = Release|Any CPU
	EndGlobalSection
	GlobalSection(SolutionProperties) = preSolution
		HideSolutionNode = FALSE
	EndGlobalSection
	GlobalSection(ExtensibilityGlobals) = postSolution
		SolutionGuid = {1FD2463C-F15A-4B10-95AF-843023323F82}
	EndGlobalSection
EndGlobal
